// !$*UTF8*$!
{
	archiveVersion = 1;
	classes = {
	};
	objectVersion = 46;
	objects = {

/* Begin PBXBuildFile section */
		1D889AFF190C9DD700D6B5F3 /* Foundation.framework in Frameworks */ = {isa = PBXBuildFile; fileRef = 1D889AFE190C9DD700D6B5F3 /* Foundation.framework */; };
		1D889B02190C9DD700D6B5F3 /* main.m in Sources */ = {isa = PBXBuildFile; fileRef = 1D889B01190C9DD700D6B5F3 /* main.m */; };
		1D889B06190C9DD700D6B5F3 /* PropertyHack.1 in CopyFiles */ = {isa = PBXBuildFile; fileRef = 1D889B05190C9DD700D6B5F3 /* PropertyHack.1 */; };
		1D889B0E190C9E0E00D6B5F3 /* TestObject.m in Sources */ = {isa = PBXBuildFile; fileRef = 1D889B0D190C9E0E00D6B5F3 /* TestObject.m */; };
		1D889B11190C9F5A00D6B5F3 /* NSObject+FCSPropertySyntax.m in Sources */ = {isa = PBXBuildFile; fileRef = 1D889B10190C9F5A00D6B5F3 /* NSObject+FCSPropertySyntax.m */; settings = {COMPILER_FLAGS = "-fno-objc-arc"; }; };
		1D889B14190C9FEA00D6B5F3 /* FCSProperty.m in Sources */ = {isa = PBXBuildFile; fileRef = 1D889B13190C9FEA00D6B5F3 /* FCSProperty.m */; };
		1D889B17190CB0F900D6B5F3 /* JRSwizzle.m in Sources */ = {isa = PBXBuildFile; fileRef = 1D889B16190CB0F900D6B5F3 /* JRSwizzle.m */; };
		1D889B1B190CB9BE00D6B5F3 /* FCSPropertyChangingInformation.m in Sources */ = {isa = PBXBuildFile; fileRef = 1D889B1A190CB9BE00D6B5F3 /* FCSPropertyChangingInformation.m */; };
/* End PBXBuildFile section */

/* Begin PBXCopyFilesBuildPhase section */
		1D889AF9190C9DD600D6B5F3 /* CopyFiles */ = {
			isa = PBXCopyFilesBuildPhase;
			buildActionMask = 2147483647;
			dstPath = /usr/share/man/man1/;
			dstSubfolderSpec = 0;
			files = (
				1D889B06190C9DD700D6B5F3 /* PropertyHack.1 in CopyFiles */,
			);
			runOnlyForDeploymentPostprocessing = 1;
		};
/* End PBXCopyFilesBuildPhase section */

/* Begin PBXFileReference section */
		1D889AFB190C9DD600D6B5F3 /* PropertyHack */ = {isa = PBXFileReference; explicitFileType = "compiled.mach-o.executable"; includeInIndex = 0; path = PropertyHack; sourceTree = BUILT_PRODUCTS_DIR; };
		1D889AFE190C9DD700D6B5F3 /* Foundation.framework */ = {isa = PBXFileReference; lastKnownFileType = wrapper.framework; name = Foundation.framework; path = System/Library/Frameworks/Foundation.framework; sourceTree = SDKROOT; };
		1D889B01190C9DD700D6B5F3 /* main.m */ = {isa = PBXFileReference; lastKnownFileType = sourcecode.c.objc; path = main.m; sourceTree = "<group>"; };
		1D889B04190C9DD700D6B5F3 /* PropertyHack-Prefix.pch */ = {isa = PBXFileReference; lastKnownFileType = sourcecode.c.h; path = "PropertyHack-Prefix.pch"; sourceTree = "<group>"; };
		1D889B05190C9DD700D6B5F3 /* PropertyHack.1 */ = {isa = PBXFileReference; lastKnownFileType = text.man; path = PropertyHack.1; sourceTree = "<group>"; };
		1D889B0C190C9E0E00D6B5F3 /* TestObject.h */ = {isa = PBXFileReference; fileEncoding = 4; lastKnownFileType = sourcecode.c.h; path = TestObject.h; sourceTree = "<group>"; };
		1D889B0D190C9E0E00D6B5F3 /* TestObject.m */ = {isa = PBXFileReference; fileEncoding = 4; lastKnownFileType = sourcecode.c.objc; path = TestObject.m; sourceTree = "<group>"; };
		1D889B0F190C9F5A00D6B5F3 /* NSObject+FCSPropertySyntax.h */ = {isa = PBXFileReference; fileEncoding = 4; lastKnownFileType = sourcecode.c.h; path = "NSObject+FCSPropertySyntax.h"; sourceTree = "<group>"; };
		1D889B10190C9F5A00D6B5F3 /* NSObject+FCSPropertySyntax.m */ = {isa = PBXFileReference; fileEncoding = 4; lastKnownFileType = sourcecode.c.objc; path = "NSObject+FCSPropertySyntax.m"; sourceTree = "<group>"; };
		1D889B12190C9FEA00D6B5F3 /* FCSProperty.h */ = {isa = PBXFileReference; fileEncoding = 4; lastKnownFileType = sourcecode.c.h; path = FCSProperty.h; sourceTree = "<group>"; };
		1D889B13190C9FEA00D6B5F3 /* FCSProperty.m */ = {isa = PBXFileReference; fileEncoding = 4; lastKnownFileType = sourcecode.c.objc; path = FCSProperty.m; sourceTree = "<group>"; };
		1D889B15190CB0F900D6B5F3 /* JRSwizzle.h */ = {isa = PBXFileReference; fileEncoding = 4; lastKnownFileType = sourcecode.c.h; name = JRSwizzle.h; path = JRSwizzle/JRSwizzle.h; sourceTree = SOURCE_ROOT; };
		1D889B16190CB0F900D6B5F3 /* JRSwizzle.m */ = {isa = PBXFileReference; fileEncoding = 4; lastKnownFileType = sourcecode.c.objc; name = JRSwizzle.m; path = JRSwizzle/JRSwizzle.m; sourceTree = SOURCE_ROOT; };
		1D889B19190CB9BE00D6B5F3 /* FCSPropertyChangingInformation.h */ = {isa = PBXFileReference; fileEncoding = 4; lastKnownFileType = sourcecode.c.h; path = FCSPropertyChangingInformation.h; sourceTree = "<group>"; };
		1D889B1A190CB9BE00D6B5F3 /* FCSPropertyChangingInformation.m */ = {isa = PBXFileReference; fileEncoding = 4; lastKnownFileType = sourcecode.c.objc; path = FCSPropertyChangingInformation.m; sourceTree = "<group>"; };
/* End PBXFileReference section */

/* Begin PBXFrameworksBuildPhase section */
		1D889AF8190C9DD600D6B5F3 /* Frameworks */ = {
			isa = PBXFrameworksBuildPhase;
			buildActionMask = 2147483647;
			files = (
				1D889AFF190C9DD700D6B5F3 /* Foundation.framework in Frameworks */,
			);
			runOnlyForDeploymentPostprocessing = 0;
		};
/* End PBXFrameworksBuildPhase section */

/* Begin PBXGroup section */
		1D889AF2190C9DD600D6B5F3 = {
			isa = PBXGroup;
			children = (
				1D889B00190C9DD700D6B5F3 /* PropertyHack */,
				1D889AFD190C9DD700D6B5F3 /* Frameworks */,
				1D889AFC190C9DD600D6B5F3 /* Products */,
			);
			sourceTree = "<group>";
		};
		1D889AFC190C9DD600D6B5F3 /* Products */ = {
			isa = PBXGroup;
			children = (
				1D889AFB190C9DD600D6B5F3 /* PropertyHack */,
			);
			name = Products;
			sourceTree = "<group>";
		};
		1D889AFD190C9DD700D6B5F3 /* Frameworks */ = {
			isa = PBXGroup;
			children = (
				1D889AFE190C9DD700D6B5F3 /* Foundation.framework */,
			);
			name = Frameworks;
			sourceTree = "<group>";
		};
		1D889B00190C9DD700D6B5F3 /* PropertyHack */ = {
			isa = PBXGroup;
			children = (
				1D889B01190C9DD700D6B5F3 /* main.m */,
				1D889B05190C9DD700D6B5F3 /* PropertyHack.1 */,
				1D889B03190C9DD700D6B5F3 /* Supporting Files */,
				1D889B0C190C9E0E00D6B5F3 /* TestObject.h */,
				1D889B0D190C9E0E00D6B5F3 /* TestObject.m */,
				1D889B0F190C9F5A00D6B5F3 /* NSObject+FCSPropertySyntax.h */,
				1D889B10190C9F5A00D6B5F3 /* NSObject+FCSPropertySyntax.m */,
				1D889B12190C9FEA00D6B5F3 /* FCSProperty.h */,
				1D889B13190C9FEA00D6B5F3 /* FCSProperty.m */,
				1D889B19190CB9BE00D6B5F3 /* FCSPropertyChangingInformation.h */,
				1D889B1A190CB9BE00D6B5F3 /* FCSPropertyChangingInformation.m */,
				1D889B18190CB0FF00D6B5F3 /* JRSwizzle */,
			);
			path = PropertyHack;
			sourceTree = "<group>";
		};
		1D889B03190C9DD700D6B5F3 /* Supporting Files */ = {
			isa = PBXGroup;
			children = (
				1D889B04190C9DD700D6B5F3 /* PropertyHack-Prefix.pch */,
			);
			name = "Supporting Files";
			sourceTree = "<group>";
		};
		1D889B18190CB0FF00D6B5F3 /* JRSwizzle */ = {
			isa = PBXGroup;
			children = (
				1D889B15190CB0F900D6B5F3 /* JRSwizzle.h */,
				1D889B16190CB0F900D6B5F3 /* JRSwizzle.m */,
			);
			name = JRSwizzle;
			sourceTree = "<group>";
		};
/* End PBXGroup section */

/* Begin PBXNativeTarget section */
		1D889AFA190C9DD600D6B5F3 /* PropertyHack */ = {
			isa = PBXNativeTarget;
			buildConfigurationList = 1D889B09190C9DD700D6B5F3 /* Build configuration list for PBXNativeTarget "PropertyHack" */;
			buildPhases = (
				1D889AF7190C9DD600D6B5F3 /* Sources */,
				1D889AF8190C9DD600D6B5F3 /* Frameworks */,
				1D889AF9190C9DD600D6B5F3 /* CopyFiles */,
			);
			buildRules = (
			);
			dependencies = (
			);
			name = PropertyHack;
			productName = PropertyHack;
			productReference = 1D889AFB190C9DD600D6B5F3 /* PropertyHack */;
			productType = "com.apple.product-type.tool";
		};
/* End PBXNativeTarget section */

/* Begin PBXProject section */
		1D889AF3190C9DD600D6B5F3 /* Project object */ = {
			isa = PBXProject;
			attributes = {
				LastUpgradeCheck = 0510;
				ORGANIZATIONNAME = "From Concentrate Software";
			};
			buildConfigurationList = 1D889AF6190C9DD600D6B5F3 /* Build configuration list for PBXProject "PropertyHack" */;
			compatibilityVersion = "Xcode 3.2";
			developmentRegion = English;
			hasScannedForEncodings = 0;
			knownRegions = (
				en,
			);
			mainGroup = 1D889AF2190C9DD600D6B5F3;
			productRefGroup = 1D889AFC190C9DD600D6B5F3 /* Products */;
			projectDirPath = "";
			projectRoot = "";
			targets = (
				1D889AFA190C9DD600D6B5F3 /* PropertyHack */,
			);
		};
/* End PBXProject section */

/* Begin PBXSourcesBuildPhase section */
		1D889AF7190C9DD600D6B5F3 /* Sources */ = {
			isa = PBXSourcesBuildPhase;
			buildActionMask = 2147483647;
			files = (
				1D889B1B190CB9BE00D6B5F3 /* FCSPropertyChangingInformation.m in Sources */,
				1D889B0E190C9E0E00D6B5F3 /* TestObject.m in Sources */,
				1D889B14190C9FEA00D6B5F3 /* FCSProperty.m in Sources */,
				1D889B02190C9DD700D6B5F3 /* main.m in Sources */,
				1D889B11190C9F5A00D6B5F3 /* NSObject+FCSPropertySyntax.m in Sources */,
				1D889B17190CB0F900D6B5F3 /* JRSwizzle.m in Sources */,
			);
			runOnlyForDeploymentPostprocessing = 0;
		};
/* End PBXSourcesBuildPhase section */

/* Begin XCBuildConfiguration section */
		1D889B07190C9DD700D6B5F3 /* Debug */ = {
			isa = XCBuildConfiguration;
			buildSettings = {
				ALWAYS_SEARCH_USER_PATHS = NO;
				CLANG_CXX_LANGUAGE_STANDARD = "gnu++0x";
				CLANG_CXX_LIBRARY = "libc++";
				CLANG_ENABLE_MODULES = YES;
				CLANG_ENABLE_OBJC_ARC = YES;
				CLANG_WARN_BOOL_CONVERSION = YES;
				CLANG_WARN_CONSTANT_CONVERSION = YES;
				CLANG_WARN_DIRECT_OBJC_ISA_USAGE = YES_ERROR;
				CLANG_WARN_EMPTY_BODY = YES;
				CLANG_WARN_ENUM_CONVERSION = YES;
				CLANG_WARN_INT_CONVERSION = YES;
				CLANG_WARN_OBJC_ROOT_CLASS = YES_ERROR;
				CLANG_WARN__DUPLICATE_METHOD_MATCH = YES;
				COPY_PHASE_STRIP = NO;
				GCC_C_LANGUAGE_STANDARD = gnu99;
				GCC_DYNAMIC_NO_PIC = NO;
				GCC_ENABLE_OBJC_EXCEPTIONS = YES;
				GCC_OPTIMIZATION_LEVEL = 0;
				GCC_PREPROCESSOR_DEFINITIONS = (
					"DEBUG=1",
					"$(inherited)",
				);
				GCC_SYMBOLS_PRIVATE_EXTERN = NO;
				GCC_WARN_64_TO_32_BIT_CONVERSION = YES;
				GCC_WARN_ABOUT_RETURN_TYPE = YES_ERROR;
				GCC_WARN_UNDECLARED_SELECTOR = YES;
				GCC_WARN_UNINITIALIZED_AUTOS = YES_AGGRESSIVE;
				GCC_WARN_UNUSED_FUNCTION = YES;
				GCC_WARN_UNUSED_VARIABLE = YES;
				MACOSX_DEPLOYMENT_TARGET = 10.9;
				ONLY_ACTIVE_ARCH = YES;
				SDKROOT = macosx;
			};
			name = Debug;
		};
		1D889B08190C9DD700D6B5F3 /* Release */ = {
			isa = XCBuildConfiguration;
			buildSettings = {
				ALWAYS_SEARCH_USER_PATHS = NO;
				CLANG_CXX_LANGUAGE_STANDARD = "gnu++0x";
				CLANG_CXX_LIBRARY = "libc++";
				CLANG_ENABLE_MODULES = YES;
				CLANG_ENABLE_OBJC_ARC = YES;
				CLANG_WARN_BOOL_CONVERSION = YES;
				CLANG_WARN_CONSTANT_CONVERSION = YES;
				CLANG_WARN_DIRECT_OBJC_ISA_USAGE = YES_ERROR;
				CLANG_WARN_EMPTY_BODY = YES;
				CLANG_WARN_ENUM_CONVERSION = YES;
				CLANG_WARN_INT_CONVERSION = YES;
				CLANG_WARN_OBJC_ROOT_CLASS = YES_ERROR;
				CLANG_WARN__DUPLICATE_METHOD_MATCH = YES;
				COPY_PHASE_STRIP = YES;
				DEBUG_INFORMATION_FORMAT = "dwarf-with-dsym";
				ENABLE_NS_ASSERTIONS = NO;
				GCC_C_LANGUAGE_STANDARD = gnu99;
				GCC_ENABLE_OBJC_EXCEPTIONS = YES;
				GCC_WARN_64_TO_32_BIT_CONVERSION = YES;
				GCC_WARN_ABOUT_RETURN_TYPE = YES_ERROR;
				GCC_WARN_UNDECLARED_SELECTOR = YES;
				GCC_WARN_UNINITIALIZED_AUTOS = YES_AGGRESSIVE;
				GCC_WARN_UNUSED_FUNCTION = YES;
				GCC_WARN_UNUSED_VARIABLE = YES;
				MACOSX_DEPLOYMENT_TARGET = 10.9;
				SDKROOT = macosx;
			};
			name = Release;
		};
		1D889B0A190C9DD700D6B5F3 /* Debug */ = {
			isa = XCBuildConfiguration;
			buildSettings = {
				GCC_PRECOMPILE_PREFIX_HEADER = YES;
				GCC_PREFIX_HEADER = "PropertyHack/PropertyHack-Prefix.pch";
				PRODUCT_NAME = "$(TARGET_NAME)";
			};
			name = Debug;
		};
		1D889B0B190C9DD700D6B5F3 /* Release */ = {
			isa = XCBuildConfiguration;
			buildSettings = {
				GCC_PRECOMPILE_PREFIX_HEADER = YES;
				GCC_PREFIX_HEADER = "PropertyHack/PropertyHack-Prefix.pch";
				PRODUCT_NAME = "$(TARGET_NAME)";
			};
			name = Release;
		};
/* End XCBuildConfiguration section */

/* Begin XCConfigurationList section */
		1D889AF6190C9DD600D6B5F3 /* Build configuration list for PBXProject "PropertyHack" */ = {
			isa = XCConfigurationList;
			buildConfigurations = (
				1D889B07190C9DD700D6B5F3 /* Debug */,
				1D889B08190C9DD700D6B5F3 /* Release */,
			);
			defaultConfigurationIsVisible = 0;
			defaultConfigurationName = Release;
		};
		1D889B09190C9DD700D6B5F3 /* Build configuration list for PBXNativeTarget "PropertyHack" */ = {
			isa = XCConfigurationList;
			buildConfigurations = (
				1D889B0A190C9DD700D6B5F3 /* Debug */,
				1D889B0B190C9DD700D6B5F3 /* Release */,
			);
			defaultConfigurationIsVisible = 0;
		};
/* End XCConfigurationList section */
	};
	rootObject = 1D889AF3190C9DD600D6B5F3 /* Project object */;
}
